
Microsoft Visual Studio Solution File, Format Version 12.00
# Visual Studio Version 17
VisualStudioVersion = 17.14.36603.0 d17.14
MinimumVisualStudioVersion = 10.0.40219.1
Project("{FAE04EC0-301F-11D3-BF4B-00C04F79EFBC}") = "CarStore", "CarStore\CarStore.csproj", "{83E7CB48-5FBA-4DFF-AE64-89FF82728D15}"
EndProject
Global
	GlobalSection(SolutionConfigurationPlatforms) = preSolution
		Debug|Any CPU = Debug|Any CPU
		Release|Any CPU = Release|Any CPU
	EndGlobalSection
	GlobalSection(ProjectConfigurationPlatforms) = postSolution
		{83E7CB48-5FBA-4DFF-AE64-89FF82728D15}.Debug|Any CPU.ActiveCfg = Debug|Any CPU
		{83E7CB48-5FBA-4DFF-AE64-89FF82728D15}.Debug|Any CPU.Build.0 = Debug|Any CPU
		{83E7CB48-5FBA-4DFF-AE64-89FF82728D15}.Release|Any CPU.ActiveCfg = Release|Any CPU
		{83E7CB48-5FBA-4DFF-AE64-89FF82728D15}.Release|Any CPU.Build.0 = Release|Any CPU
	EndGlobalSection
	GlobalSection(SolutionProperties) = preSolution
		HideSolutionNode = FALSE
	EndGlobalSection
	GlobalSection(ExtensibilityGlobals) = postSolution
		SolutionGuid = {C4588C6F-BE72-4365-B4D2-87B2B51107E2}
	EndGlobalSection
EndGlobal
